# Generated by tools/vendor-rust.R -- do not edit.
# Provenance for the bundled src/rust/upstream/mixeff-rs/ snapshot.
crate        = "mixeff-rs"
source       = "https://github.com/bbuchsbaum/mixeff-rs.git"
requested    = "d71df45bf87e3f0fea26f75662f03cd7949c0366"
resolved_sha = "d71df45bf87e3f0fea26f75662f03cd7949c0366"
vendored_utc = "2026-10-09T13:21:35Z"
