# Generated by tools/vendor-rust.R -- do not edit.
# Provenance for the bundled src/rust/upstream/mixeff-rs/ snapshot.
crate        = "mixeff-rs"
source       = "https://github.com/bbuchsbaum/mixeff-rs.git"
requested    = "5db36cd1a3b046ccdf18488b34175e43a3fa139a"
resolved_sha = "5db36cd1a3b046ccdf18488b34175e43a3fa139a"
vendored_utc = "2026-10-09T18:38:40Z"
