# Generated by tools/vendor-rust.R -- do not edit.
# Provenance for the bundled src/rust/upstream/mixeff-rs/ snapshot.
crate        = "mixeff-rs"
source       = "https://github.com/bbuchsbaum/mixeff-rs.git"
requested    = "4a2abb39bb21901541285ae90d9e4159a02930c1"
resolved_sha = "4a2abb39bb21901541285ae90d9e4159a02930c1"
vendored_utc = "2026-07-10T15:08:59Z"
